
Microsoft Visual Studio Solution File, Format Version 12.00
# Visual Studio Express 2013 for Web
VisualStudioVersion = 12.0.21005.1
MinimumVisualStudioVersion = 10.0.40219.1
Project("{FAE04EC0-301F-11D3-BF4B-00C04F79EFBC}") = "HomeShareMVC", "HomeShareMVC\HomeShareMVC.csproj", "{9067BFAF-6388-43D0-BD4E-F8D58C82F5DD}"
EndProject
Project("{FAE04EC0-301F-11D3-BF4B-00C04F79EFBC}") = "HomeShareDAL", "..\HomeShareDAL\HomeShareDAL\HomeShareDAL.csproj", "{5D0991D6-D9C2-4A68-B374-F0F84EC70F0D}"
EndProject
Global
	GlobalSection(SolutionConfigurationPlatforms) = preSolution
		Debug|Any CPU = Debug|Any CPU
		Release|Any CPU = Release|Any CPU
	EndGlobalSection
	GlobalSection(ProjectConfigurationPlatforms) = postSolution
		{9067BFAF-6388-43D0-BD4E-F8D58C82F5DD}.Debug|Any CPU.ActiveCfg = Debug|Any CPU
		{9067BFAF-6388-43D0-BD4E-F8D58C82F5DD}.Debug|Any CPU.Build.0 = Debug|Any CPU
		{9067BFAF-6388-43D0-BD4E-F8D58C82F5DD}.Release|Any CPU.ActiveCfg = Release|Any CPU
		{9067BFAF-6388-43D0-BD4E-F8D58C82F5DD}.Release|Any CPU.Build.0 = Release|Any CPU
		{5D0991D6-D9C2-4A68-B374-F0F84EC70F0D}.Debug|Any CPU.ActiveCfg = Debug|Any CPU
		{5D0991D6-D9C2-4A68-B374-F0F84EC70F0D}.Debug|Any CPU.Build.0 = Debug|Any CPU
		{5D0991D6-D9C2-4A68-B374-F0F84EC70F0D}.Release|Any CPU.ActiveCfg = Release|Any CPU
		{5D0991D6-D9C2-4A68-B374-F0F84EC70F0D}.Release|Any CPU.Build.0 = Release|Any CPU
	EndGlobalSection
	GlobalSection(SolutionProperties) = preSolution
		HideSolutionNode = FALSE
	EndGlobalSection
EndGlobal
